// !$*UTF8*$!
{
	archiveVersion = 1;
	classes = {
	};
	objectVersion = 56;
	objects = {

/* Begin PBXBuildFile section */
		4BC95A142A074718007A7BF4 /* MentoringLEADApp.swift in Sources */ = {isa = PBXBuildFile; fileRef = 4BC95A132A074718007A7BF4 /* MentoringLEADApp.swift */; };
		4BC95A162A074718007A7BF4 /* ContentView.swift in Sources */ = {isa = PBXBuildFile; fileRef = 4BC95A152A074718007A7BF4 /* ContentView.swift */; };
		4BC95A182A07471A007A7BF4 /* Assets.xcassets in Resources */ = {isa = PBXBuildFile; fileRef = 4BC95A172A07471A007A7BF4 /* Assets.xcassets */; };
		4BC95A1B2A07471A007A7BF4 /* Preview Assets.xcassets in Resources */ = {isa = PBXBuildFile; fileRef = 4BC95A1A2A07471A007A7BF4 /* Preview Assets.xcassets */; };
		4BC95A252A07471A007A7BF4 /* MentoringLEADTests.swift in Sources */ = {isa = PBXBuildFile; fileRef = 4BC95A242A07471A007A7BF4 /* MentoringLEADTests.swift */; };
		4BC95A2F2A07471A007A7BF4 /* MentoringLEADUITests.swift in Sources */ = {isa = PBXBuildFile; fileRef = 4BC95A2E2A07471A007A7BF4 /* MentoringLEADUITests.swift */; };
		4BC95A312A07471A007A7BF4 /* MentoringLEADUITestsLaunchTests.swift in Sources */ = {isa = PBXBuildFile; fileRef = 4BC95A302A07471A007A7BF4 /* MentoringLEADUITestsLaunchTests.swift */; };
		4BC95A3E2A0749A5007A7BF4 /* Image+Default.swift in Sources */ = {isa = PBXBuildFile; fileRef = 4BC95A3D2A0749A5007A7BF4 /* Image+Default.swift */; };
		4BC95A462A074DC6007A7BF4 /* Roboto-Bold.ttf in Resources */ = {isa = PBXBuildFile; fileRef = 4BC95A442A074DC6007A7BF4 /* Roboto-Bold.ttf */; };
		4BC95A472A074DC6007A7BF4 /* Roboto-Regular.ttf in Resources */ = {isa = PBXBuildFile; fileRef = 4BC95A452A074DC6007A7BF4 /* Roboto-Regular.ttf */; };
		4BC95A492A074E00007A7BF4 /* Font+Default.swift in Sources */ = {isa = PBXBuildFile; fileRef = 4BC95A482A074E00007A7BF4 /* Font+Default.swift */; };
		4BC95A4C2A074EF5007A7BF4 /* Color+Default.swift in Sources */ = {isa = PBXBuildFile; fileRef = 4BC95A4B2A074EF5007A7BF4 /* Color+Default.swift */; };
/* End PBXBuildFile section */

/* Begin PBXContainerItemProxy section */
		4BC95A212A07471A007A7BF4 /* PBXContainerItemProxy */ = {
			isa = PBXContainerItemProxy;
			containerPortal = 4BC95A082A074718007A7BF4 /* Project object */;
			proxyType = 1;
			remoteGlobalIDString = 4BC95A0F2A074718007A7BF4;
			remoteInfo = MentoringLEAD;
		};
		4BC95A2B2A07471A007A7BF4 /* PBXContainerItemProxy */ = {
			isa = PBXContainerItemProxy;
			containerPortal = 4BC95A082A074718007A7BF4 /* Project object */;
			proxyType = 1;
			remoteGlobalIDString = 4BC95A0F2A074718007A7BF4;
			remoteInfo = MentoringLEAD;
		};
/* End PBXContainerItemProxy section */

/* Begin PBXFileReference section */
		4BC95A102A074718007A7BF4 /* MentoringLEAD.app */ = {isa = PBXFileReference; explicitFileType = wrapper.application; includeInIndex = 0; path = MentoringLEAD.app; sourceTree = BUILT_PRODUCTS_DIR; };
		4BC95A132A074718007A7BF4 /* MentoringLEADApp.swift */ = {isa = PBXFileReference; lastKnownFileType = sourcecode.swift; path = MentoringLEADApp.swift; sourceTree = "<group>"; };
		4BC95A152A074718007A7BF4 /* ContentView.swift */ = {isa = PBXFileReference; lastKnownFileType = sourcecode.swift; path = ContentView.swift; sourceTree = "<group>"; };
		4BC95A172A07471A007A7BF4 /* Assets.xcassets */ = {isa = PBXFileReference; lastKnownFileType = folder.assetcatalog; path = Assets.xcassets; sourceTree = "<group>"; };
		4BC95A1A2A07471A007A7BF4 /* Preview Assets.xcassets */ = {isa = PBXFileReference; lastKnownFileType = folder.assetcatalog; path = "Preview Assets.xcassets"; sourceTree = "<group>"; };
		4BC95A202A07471A007A7BF4 /* MentoringLEADTests.xctest */ = {isa = PBXFileReference; explicitFileType = wrapper.cfbundle; includeInIndex = 0; path = MentoringLEADTests.xctest; sourceTree = BUILT_PRODUCTS_DIR; };
		4BC95A242A07471A007A7BF4 /* MentoringLEADTests.swift */ = {isa = PBXFileReference; lastKnownFileType = sourcecode.swift; path = MentoringLEADTests.swift; sourceTree = "<group>"; };
		4BC95A2A2A07471A007A7BF4 /* MentoringLEADUITests.xctest */ = {isa = PBXFileReference; explicitFileType = wrapper.cfbundle; includeInIndex = 0; path = MentoringLEADUITests.xctest; sourceTree = BUILT_PRODUCTS_DIR; };
		4BC95A2E2A07471A007A7BF4 /* MentoringLEADUITests.swift */ = {isa = PBXFileReference; lastKnownFileType = sourcecode.swift; path = MentoringLEADUITests.swift; sourceTree = "<group>"; };
		4BC95A302A07471A007A7BF4 /* MentoringLEADUITestsLaunchTests.swift */ = {isa = PBXFileReference; lastKnownFileType = sourcecode.swift; path = MentoringLEADUITestsLaunchTests.swift; sourceTree = "<group>"; };
		4BC95A3D2A0749A5007A7BF4 /* Image+Default.swift */ = {isa = PBXFileReference; lastKnownFileType = sourcecode.swift; path = "Image+Default.swift"; sourceTree = "<group>"; };
		4BC95A442A074DC6007A7BF4 /* Roboto-Bold.ttf */ = {isa = PBXFileReference; lastKnownFileType = file; path = "Roboto-Bold.ttf"; sourceTree = "<group>"; };
		4BC95A452A074DC6007A7BF4 /* Roboto-Regular.ttf */ = {isa = PBXFileReference; lastKnownFileType = file; path = "Roboto-Regular.ttf"; sourceTree = "<group>"; };
		4BC95A482A074E00007A7BF4 /* Font+Default.swift */ = {isa = PBXFileReference; lastKnownFileType = sourcecode.swift; path = "Font+Default.swift"; sourceTree = "<group>"; };
		4BC95A4A2A074E88007A7BF4 /* Info.plist */ = {isa = PBXFileReference; lastKnownFileType = text.plist; path = Info.plist; sourceTree = "<group>"; };
		4BC95A4B2A074EF5007A7BF4 /* Color+Default.swift */ = {isa = PBXFileReference; lastKnownFileType = sourcecode.swift; path = "Color+Default.swift"; sourceTree = "<group>"; };
/* End PBXFileReference section */

/* Begin PBXFrameworksBuildPhase section */
		4BC95A0D2A074718007A7BF4 /* Frameworks */ = {
			isa = PBXFrameworksBuildPhase;
			buildActionMask = 2147483647;
			files = (
			);
			runOnlyForDeploymentPostprocessing = 0;
		};
		4BC95A1D2A07471A007A7BF4 /* Frameworks */ = {
			isa = PBXFrameworksBuildPhase;
			buildActionMask = 2147483647;
			files = (
			);
			runOnlyForDeploymentPostprocessing = 0;
		};
		4BC95A272A07471A007A7BF4 /* Frameworks */ = {
			isa = PBXFrameworksBuildPhase;
			buildActionMask = 2147483647;
			files = (
			);
			runOnlyForDeploymentPostprocessing = 0;
		};
/* End PBXFrameworksBuildPhase section */

/* Begin PBXGroup section */
		4BC95A072A074718007A7BF4 = {
			isa = PBXGroup;
			children = (
				4BC95A122A074718007A7BF4 /* MentoringLEAD */,
				4BC95A232A07471A007A7BF4 /* MentoringLEADTests */,
				4BC95A2D2A07471A007A7BF4 /* MentoringLEADUITests */,
				4BC95A112A074718007A7BF4 /* Products */,
			);
			sourceTree = "<group>";
		};
		4BC95A112A074718007A7BF4 /* Products */ = {
			isa = PBXGroup;
			children = (
				4BC95A102A074718007A7BF4 /* MentoringLEAD.app */,
				4BC95A202A07471A007A7BF4 /* MentoringLEADTests.xctest */,
				4BC95A2A2A07471A007A7BF4 /* MentoringLEADUITests.xctest */,
			);
			name = Products;
			sourceTree = "<group>";
		};
		4BC95A122A074718007A7BF4 /* MentoringLEAD */ = {
			isa = PBXGroup;
			children = (
				4BC95A4A2A074E88007A7BF4 /* Info.plist */,
				4BC95A3F2A074D1B007A7BF4 /* Font */,
				4BC95A132A074718007A7BF4 /* MentoringLEADApp.swift */,
				4BC95A152A074718007A7BF4 /* ContentView.swift */,
				4BC95A172A07471A007A7BF4 /* Assets.xcassets */,
				4BC95A192A07471A007A7BF4 /* Preview Content */,
				4BC95A3D2A0749A5007A7BF4 /* Image+Default.swift */,
				4BC95A4B2A074EF5007A7BF4 /* Color+Default.swift */,
			);
			path = MentoringLEAD;
			sourceTree = "<group>";
		};
		4BC95A192A07471A007A7BF4 /* Preview Content */ = {
			isa = PBXGroup;
			children = (
				4BC95A1A2A07471A007A7BF4 /* Preview Assets.xcassets */,
			);
			path = "Preview Content";
			sourceTree = "<group>";
		};
		4BC95A232A07471A007A7BF4 /* MentoringLEADTests */ = {
			isa = PBXGroup;
			children = (
				4BC95A242A07471A007A7BF4 /* MentoringLEADTests.swift */,
			);
			path = MentoringLEADTests;
			sourceTree = "<group>";
		};
		4BC95A2D2A07471A007A7BF4 /* MentoringLEADUITests */ = {
			isa = PBXGroup;
			children = (
				4BC95A2E2A07471A007A7BF4 /* MentoringLEADUITests.swift */,
				4BC95A302A07471A007A7BF4 /* MentoringLEADUITestsLaunchTests.swift */,
			);
			path = MentoringLEADUITests;
			sourceTree = "<group>";
		};
		4BC95A3F2A074D1B007A7BF4 /* Font */ = {
			isa = PBXGroup;
			children = (
				4BC95A442A074DC6007A7BF4 /* Roboto-Bold.ttf */,
				4BC95A452A074DC6007A7BF4 /* Roboto-Regular.ttf */,
				4BC95A482A074E00007A7BF4 /* Font+Default.swift */,
			);
			path = Font;
			sourceTree = "<group>";
		};
/* End PBXGroup section */

/* Begin PBXNativeTarget section */
		4BC95A0F2A074718007A7BF4 /* MentoringLEAD */ = {
			isa = PBXNativeTarget;
			buildConfigurationList = 4BC95A342A07471A007A7BF4 /* Build configuration list for PBXNativeTarget "MentoringLEAD" */;
			buildPhases = (
				4BC95A0C2A074718007A7BF4 /* Sources */,
				4BC95A0D2A074718007A7BF4 /* Frameworks */,
				4BC95A0E2A074718007A7BF4 /* Resources */,
			);
			buildRules = (
			);
			dependencies = (
			);
			name = MentoringLEAD;
			productName = MentoringLEAD;
			productReference = 4BC95A102A074718007A7BF4 /* MentoringLEAD.app */;
			productType = "com.apple.product-type.application";
		};
		4BC95A1F2A07471A007A7BF4 /* MentoringLEADTests */ = {
			isa = PBXNativeTarget;
			buildConfigurationList = 4BC95A372A07471A007A7BF4 /* Build configuration list for PBXNativeTarget "MentoringLEADTests" */;
			buildPhases = (
				4BC95A1C2A07471A007A7BF4 /* Sources */,
				4BC95A1D2A07471A007A7BF4 /* Frameworks */,
				4BC95A1E2A07471A007A7BF4 /* Resources */,
			);
			buildRules = (
			);
			dependencies = (
				4BC95A222A07471A007A7BF4 /* PBXTargetDependency */,
			);
			name = MentoringLEADTests;
			productName = MentoringLEADTests;
			productReference = 4BC95A202A07471A007A7BF4 /* MentoringLEADTests.xctest */;
			productType = "com.apple.product-type.bundle.unit-test";
		};
		4BC95A292A07471A007A7BF4 /* MentoringLEADUITests */ = {
			isa = PBXNativeTarget;
			buildConfigurationList = 4BC95A3A2A07471A007A7BF4 /* Build configuration list for PBXNativeTarget "MentoringLEADUITests" */;
			buildPhases = (
				4BC95A262A07471A007A7BF4 /* Sources */,
				4BC95A272A07471A007A7BF4 /* Frameworks */,
				4BC95A282A07471A007A7BF4 /* Resources */,
			);
			buildRules = (
			);
			dependencies = (
				4BC95A2C2A07471A007A7BF4 /* PBXTargetDependency */,
			);
			name = MentoringLEADUITests;
			productName = MentoringLEADUITests;
			productReference = 4BC95A2A2A07471A007A7BF4 /* MentoringLEADUITests.xctest */;
			productType = "com.apple.product-type.bundle.ui-testing";
		};
/* End PBXNativeTarget section */

/* Begin PBXProject section */
		4BC95A082A074718007A7BF4 /* Project object */ = {
			isa = PBXProject;
			attributes = {
				BuildIndependentTargetsInParallel = 1;
				LastSwiftUpdateCheck = 1430;
				LastUpgradeCheck = 1430;
				TargetAttributes = {
					4BC95A0F2A074718007A7BF4 = {
						CreatedOnToolsVersion = 14.3;
					};
					4BC95A1F2A07471A007A7BF4 = {
						CreatedOnToolsVersion = 14.3;
						TestTargetID = 4BC95A0F2A074718007A7BF4;
					};
					4BC95A292A07471A007A7BF4 = {
						CreatedOnToolsVersion = 14.3;
						TestTargetID = 4BC95A0F2A074718007A7BF4;
					};
				};
			};
			buildConfigurationList = 4BC95A0B2A074718007A7BF4 /* Build configuration list for PBXProject "MentoringLEAD" */;
			compatibilityVersion = "Xcode 14.0";
			developmentRegion = en;
			hasScannedForEncodings = 0;
			knownRegions = (
				en,
				Base,
			);
			mainGroup = 4BC95A072A074718007A7BF4;
			productRefGroup = 4BC95A112A074718007A7BF4 /* Products */;
			projectDirPath = "";
			projectRoot = "";
			targets = (
				4BC95A0F2A074718007A7BF4 /* MentoringLEAD */,
				4BC95A1F2A07471A007A7BF4 /* MentoringLEADTests */,
				4BC95A292A07471A007A7BF4 /* MentoringLEADUITests */,
			);
		};
/* End PBXProject section */

/* Begin PBXResourcesBuildPhase section */
		4BC95A0E2A074718007A7BF4 /* Resources */ = {
			isa = PBXResourcesBuildPhase;
			buildActionMask = 2147483647;
			files = (
				4BC95A1B2A07471A007A7BF4 /* Preview Assets.xcassets in Resources */,
				4BC95A182A07471A007A7BF4 /* Assets.xcassets in Resources */,
				4BC95A472A074DC6007A7BF4 /* Roboto-Regular.ttf in Resources */,
				4BC95A462A074DC6007A7BF4 /* Roboto-Bold.ttf in Resources */,
			);
			runOnlyForDeploymentPostprocessing = 0;
		};
		4BC95A1E2A07471A007A7BF4 /* Resources */ = {
			isa = PBXResourcesBuildPhase;
			buildActionMask = 2147483647;
			files = (
			);
			runOnlyForDeploymentPostprocessing = 0;
		};
		4BC95A282A07471A007A7BF4 /* Resources */ = {
			isa = PBXResourcesBuildPhase;
			buildActionMask = 2147483647;
			files = (
			);
			runOnlyForDeploymentPostprocessing = 0;
		};
/* End PBXResourcesBuildPhase section */

/* Begin PBXSourcesBuildPhase section */
		4BC95A0C2A074718007A7BF4 /* Sources */ = {
			isa = PBXSourcesBuildPhase;
			buildActionMask = 2147483647;
			files = (
				4BC95A492A074E00007A7BF4 /* Font+Default.swift in Sources */,
				4BC95A3E2A0749A5007A7BF4 /* Image+Default.swift in Sources */,
				4BC95A4C2A074EF5007A7BF4 /* Color+Default.swift in Sources */,
				4BC95A162A074718007A7BF4 /* ContentView.swift in Sources */,
				4BC95A142A074718007A7BF4 /* MentoringLEADApp.swift in Sources */,
			);
			runOnlyForDeploymentPostprocessing = 0;
		};
		4BC95A1C2A07471A007A7BF4 /* Sources */ = {
			isa = PBXSourcesBuildPhase;
			buildActionMask = 2147483647;
			files = (
				4BC95A252A07471A007A7BF4 /* MentoringLEADTests.swift in Sources */,
			);
			runOnlyForDeploymentPostprocessing = 0;
		};
		4BC95A262A07471A007A7BF4 /* Sources */ = {
			isa = PBXSourcesBuildPhase;
			buildActionMask = 2147483647;
			files = (
				4BC95A312A07471A007A7BF4 /* MentoringLEADUITestsLaunchTests.swift in Sources */,
				4BC95A2F2A07471A007A7BF4 /* MentoringLEADUITests.swift in Sources */,
			);
			runOnlyForDeploymentPostprocessing = 0;
		};
/* End PBXSourcesBuildPhase section */

/* Begin PBXTargetDependency section */
		4BC95A222A07471A007A7BF4 /* PBXTargetDependency */ = {
			isa = PBXTargetDependency;
			target = 4BC95A0F2A074718007A7BF4 /* MentoringLEAD */;
			targetProxy = 4BC95A212A07471A007A7BF4 /* PBXContainerItemProxy */;
		};
		4BC95A2C2A07471A007A7BF4 /* PBXTargetDependency */ = {
			isa = PBXTargetDependency;
			target = 4BC95A0F2A074718007A7BF4 /* MentoringLEAD */;
			targetProxy = 4BC95A2B2A07471A007A7BF4 /* PBXContainerItemProxy */;
		};
/* End PBXTargetDependency section */

/* Begin XCBuildConfiguration section */
		4BC95A322A07471A007A7BF4 /* Debug */ = {
			isa = XCBuildConfiguration;
			buildSettings = {
				ALWAYS_SEARCH_USER_PATHS = NO;
				CLANG_ANALYZER_NONNULL = YES;
				CLANG_ANALYZER_NUMBER_OBJECT_CONVERSION = YES_AGGRESSIVE;
				CLANG_CXX_LANGUAGE_STANDARD = "gnu++20";
				CLANG_ENABLE_MODULES = YES;
				CLANG_ENABLE_OBJC_ARC = YES;
				CLANG_ENABLE_OBJC_WEAK = YES;
				CLANG_WARN_BLOCK_CAPTURE_AUTORELEASING = YES;
				CLANG_WARN_BOOL_CONVERSION = YES;
				CLANG_WARN_COMMA = YES;
				CLANG_WARN_CONSTANT_CONVERSION = YES;
				CLANG_WARN_DEPRECATED_OBJC_IMPLEMENTATIONS = YES;
				CLANG_WARN_DIRECT_OBJC_ISA_USAGE = YES_ERROR;
				CLANG_WARN_DOCUMENTATION_COMMENTS = YES;
				CLANG_WARN_EMPTY_BODY = YES;
				CLANG_WARN_ENUM_CONVERSION = YES;
				CLANG_WARN_INFINITE_RECURSION = YES;
				CLANG_WARN_INT_CONVERSION = YES;
				CLANG_WARN_NON_LITERAL_NULL_CONVERSION = YES;
				CLANG_WARN_OBJC_IMPLICIT_RETAIN_SELF = YES;
				CLANG_WARN_OBJC_LITERAL_CONVERSION = YES;
				CLANG_WARN_OBJC_ROOT_CLASS = YES_ERROR;
				CLANG_WARN_QUOTED_INCLUDE_IN_FRAMEWORK_HEADER = YES;
				CLANG_WARN_RANGE_LOOP_ANALYSIS = YES;
				CLANG_WARN_STRICT_PROTOTYPES = YES;
				CLANG_WARN_SUSPICIOUS_MOVE = YES;
				CLANG_WARN_UNGUARDED_AVAILABILITY = YES_AGGRESSIVE;
				CLANG_WARN_UNREACHABLE_CODE = YES;
				CLANG_WARN__DUPLICATE_METHOD_MATCH = YES;
				COPY_PHASE_STRIP = NO;
				DEBUG_INFORMATION_FORMAT = dwarf;
				ENABLE_STRICT_OBJC_MSGSEND = YES;
				ENABLE_TESTABILITY = YES;
				GCC_C_LANGUAGE_STANDARD = gnu11;
				GCC_DYNAMIC_NO_PIC = NO;
				GCC_NO_COMMON_BLOCKS = YES;
				GCC_OPTIMIZATION_LEVEL = 0;
				GCC_PREPROCESSOR_DEFINITIONS = (
					"DEBUG=1",
					"$(inherited)",
				);
				GCC_WARN_64_TO_32_BIT_CONVERSION = YES;
				GCC_WARN_ABOUT_RETURN_TYPE = YES_ERROR;
				GCC_WARN_UNDECLARED_SELECTOR = YES;
				GCC_WARN_UNINITIALIZED_AUTOS = YES_AGGRESSIVE;
				GCC_WARN_UNUSED_FUNCTION = YES;
				GCC_WARN_UNUSED_VARIABLE = YES;
				IPHONEOS_DEPLOYMENT_TARGET = 16.4;
				MTL_ENABLE_DEBUG_INFO = INCLUDE_SOURCE;
				MTL_FAST_MATH = YES;
				ONLY_ACTIVE_ARCH = YES;
				SDKROOT = iphoneos;
				SWIFT_ACTIVE_COMPILATION_CONDITIONS = DEBUG;
				SWIFT_OPTIMIZATION_LEVEL = "-Onone";
			};
			name = Debug;
		};
		4BC95A332A07471A007A7BF4 /* Release */ = {
			isa = XCBuildConfiguration;
			buildSettings = {
				ALWAYS_SEARCH_USER_PATHS = NO;
				CLANG_ANALYZER_NONNULL = YES;
				CLANG_ANALYZER_NUMBER_OBJECT_CONVERSION = YES_AGGRESSIVE;
				CLANG_CXX_LANGUAGE_STANDARD = "gnu++20";
				CLANG_ENABLE_MODULES = YES;
				CLANG_ENABLE_OBJC_ARC = YES;
				CLANG_ENABLE_OBJC_WEAK = YES;
				CLANG_WARN_BLOCK_CAPTURE_AUTORELEASING = YES;
				CLANG_WARN_BOOL_CONVERSION = YES;
				CLANG_WARN_COMMA = YES;
				CLANG_WARN_CONSTANT_CONVERSION = YES;
				CLANG_WARN_DEPRECATED_OBJC_IMPLEMENTATIONS = YES;
				CLANG_WARN_DIRECT_OBJC_ISA_USAGE = YES_ERROR;
				CLANG_WARN_DOCUMENTATION_COMMENTS = YES;
				CLANG_WARN_EMPTY_BODY = YES;
				CLANG_WARN_ENUM_CONVERSION = YES;
				CLANG_WARN_INFINITE_RECURSION = YES;
				CLANG_WARN_INT_CONVERSION = YES;
				CLANG_WARN_NON_LITERAL_NULL_CONVERSION = YES;
				CLANG_WARN_OBJC_IMPLICIT_RETAIN_SELF = YES;
				CLANG_WARN_OBJC_LITERAL_CONVERSION = YES;
				CLANG_WARN_OBJC_ROOT_CLASS = YES_ERROR;
				CLANG_WARN_QUOTED_INCLUDE_IN_FRAMEWORK_HEADER = YES;
				CLANG_WARN_RANGE_LOOP_ANALYSIS = YES;
				CLANG_WARN_STRICT_PROTOTYPES = YES;
				CLANG_WARN_SUSPICIOUS_MOVE = YES;
				CLANG_WARN_UNGUARDED_AVAILABILITY = YES_AGGRESSIVE;
				CLANG_WARN_UNREACHABLE_CODE = YES;
				CLANG_WARN__DUPLICATE_METHOD_MATCH = YES;
				COPY_PHASE_STRIP = NO;
				DEBUG_INFORMATION_FORMAT = "dwarf-with-dsym";
				ENABLE_NS_ASSERTIONS = NO;
				ENABLE_STRICT_OBJC_MSGSEND = YES;
				GCC_C_LANGUAGE_STANDARD = gnu11;
				GCC_NO_COMMON_BLOCKS = YES;
				GCC_WARN_64_TO_32_BIT_CONVERSION = YES;
				GCC_WARN_ABOUT_RETURN_TYPE = YES_ERROR;
				GCC_WARN_UNDECLARED_SELECTOR = YES;
				GCC_WARN_UNINITIALIZED_AUTOS = YES_AGGRESSIVE;
				GCC_WARN_UNUSED_FUNCTION = YES;
				GCC_WARN_UNUSED_VARIABLE = YES;
				IPHONEOS_DEPLOYMENT_TARGET = 16.4;
				MTL_ENABLE_DEBUG_INFO = NO;
				MTL_FAST_MATH = YES;
				SDKROOT = iphoneos;
				SWIFT_COMPILATION_MODE = wholemodule;
				SWIFT_OPTIMIZATION_LEVEL = "-O";
				VALIDATE_PRODUCT = YES;
			};
			name = Release;
		};
		4BC95A352A07471A007A7BF4 /* Debug */ = {
			isa = XCBuildConfiguration;
			buildSettings = {
				ASSETCATALOG_COMPILER_APPICON_NAME = AppIcon;
				ASSETCATALOG_COMPILER_GLOBAL_ACCENT_COLOR_NAME = AccentColor;
				CODE_SIGN_STYLE = Automatic;
				CURRENT_PROJECT_VERSION = 1;
				DEVELOPMENT_ASSET_PATHS = "\"MentoringLEAD/Preview Content\"";
				DEVELOPMENT_TEAM = 39B633LG23;
				ENABLE_PREVIEWS = YES;
				GENERATE_INFOPLIST_FILE = YES;
				INFOPLIST_FILE = MentoringLEAD/Info.plist;
				INFOPLIST_KEY_UIApplicationSceneManifest_Generation = YES;
				INFOPLIST_KEY_UIApplicationSupportsIndirectInputEvents = YES;
				INFOPLIST_KEY_UILaunchScreen_Generation = YES;
				INFOPLIST_KEY_UISupportedInterfaceOrientations_iPad = "UIInterfaceOrientationPortrait UIInterfaceOrientationPortraitUpsideDown UIInterfaceOrientationLandscapeLeft UIInterfaceOrientationLandscapeRight";
				INFOPLIST_KEY_UISupportedInterfaceOrientations_iPhone = "UIInterfaceOrientationPortrait UIInterfaceOrientationLandscapeLeft UIInterfaceOrientationLandscapeRight";
				LD_RUNPATH_SEARCH_PATHS = (
					"$(inherited)",
					"@executable_path/Frameworks",
				);
				MARKETING_VERSION = 1.0;
				PRODUCT_BUNDLE_IDENTIFIER = com.irhamnaufal8.MentoringLEAD;
				PRODUCT_NAME = "$(TARGET_NAME)";
				SWIFT_EMIT_LOC_STRINGS = YES;
				SWIFT_VERSION = 5.0;
				TARGETED_DEVICE_FAMILY = "1,2";
			};
			name = Debug;
		};
		4BC95A362A07471A007A7BF4 /* Release */ = {
			isa = XCBuildConfiguration;
			buildSettings = {
				ASSETCATALOG_COMPILER_APPICON_NAME = AppIcon;
				ASSETCATALOG_COMPILER_GLOBAL_ACCENT_COLOR_NAME = AccentColor;
				CODE_SIGN_STYLE = Automatic;
				CURRENT_PROJECT_VERSION = 1;
				DEVELOPMENT_ASSET_PATHS = "\"MentoringLEAD/Preview Content\"";
				DEVELOPMENT_TEAM = 39B633LG23;
				ENABLE_PREVIEWS = YES;
				GENERATE_INFOPLIST_FILE = YES;
				INFOPLIST_FILE = MentoringLEAD/Info.plist;
				INFOPLIST_KEY_UIApplicationSceneManifest_Generation = YES;
				INFOPLIST_KEY_UIApplicationSupportsIndirectInputEvents = YES;
				INFOPLIST_KEY_UILaunchScreen_Generation = YES;
				INFOPLIST_KEY_UISupportedInterfaceOrientations_iPad = "UIInterfaceOrientationPortrait UIInterfaceOrientationPortraitUpsideDown UIInterfaceOrientationLandscapeLeft UIInterfaceOrientationLandscapeRight";
				INFOPLIST_KEY_UISupportedInterfaceOrientations_iPhone = "UIInterfaceOrientationPortrait UIInterfaceOrientationLandscapeLeft UIInterfaceOrientationLandscapeRight";
				LD_RUNPATH_SEARCH_PATHS = (
					"$(inherited)",
					"@executable_path/Frameworks",
				);
				MARKETING_VERSION = 1.0;
				PRODUCT_BUNDLE_IDENTIFIER = com.irhamnaufal8.MentoringLEAD;
				PRODUCT_NAME = "$(TARGET_NAME)";
				SWIFT_EMIT_LOC_STRINGS = YES;
				SWIFT_VERSION = 5.0;
				TARGETED_DEVICE_FAMILY = "1,2";
			};
			name = Release;
		};
		4BC95A382A07471A007A7BF4 /* Debug */ = {
			isa = XCBuildConfiguration;
			buildSettings = {
				ALWAYS_EMBED_SWIFT_STANDARD_LIBRARIES = YES;
				BUNDLE_LOADER = "$(TEST_HOST)";
				CODE_SIGN_STYLE = Automatic;
				CURRENT_PROJECT_VERSION = 1;
				DEVELOPMENT_TEAM = 39B633LG23;
				GENERATE_INFOPLIST_FILE = YES;
				IPHONEOS_DEPLOYMENT_TARGET = 16.4;
				MARKETING_VERSION = 1.0;
				PRODUCT_BUNDLE_IDENTIFIER = com.irhamnaufal8.MentoringLEADTests;
				PRODUCT_NAME = "$(TARGET_NAME)";
				SWIFT_EMIT_LOC_STRINGS = NO;
				SWIFT_VERSION = 5.0;
				TARGETED_DEVICE_FAMILY = "1,2";
				TEST_HOST = "$(BUILT_PRODUCTS_DIR)/MentoringLEAD.app/$(BUNDLE_EXECUTABLE_FOLDER_PATH)/MentoringLEAD";
			};
			name = Debug;
		};
		4BC95A392A07471A007A7BF4 /* Release */ = {
			isa = XCBuildConfiguration;
			buildSettings = {
				ALWAYS_EMBED_SWIFT_STANDARD_LIBRARIES = YES;
				BUNDLE_LOADER = "$(TEST_HOST)";
				CODE_SIGN_STYLE = Automatic;
				CURRENT_PROJECT_VERSION = 1;
				DEVELOPMENT_TEAM = 39B633LG23;
				GENERATE_INFOPLIST_FILE = YES;
				IPHONEOS_DEPLOYMENT_TARGET = 16.4;
				MARKETING_VERSION = 1.0;
				PRODUCT_BUNDLE_IDENTIFIER = com.irhamnaufal8.MentoringLEADTests;
				PRODUCT_NAME = "$(TARGET_NAME)";
				SWIFT_EMIT_LOC_STRINGS = NO;
				SWIFT_VERSION = 5.0;
				TARGETED_DEVICE_FAMILY = "1,2";
				TEST_HOST = "$(BUILT_PRODUCTS_DIR)/MentoringLEAD.app/$(BUNDLE_EXECUTABLE_FOLDER_PATH)/MentoringLEAD";
			};
			name = Release;
		};
		4BC95A3B2A07471A007A7BF4 /* Debug */ = {
			isa = XCBuildConfiguration;
			buildSettings = {
				ALWAYS_EMBED_SWIFT_STANDARD_LIBRARIES = YES;
				CODE_SIGN_STYLE = Automatic;
				CURRENT_PROJECT_VERSION = 1;
				DEVELOPMENT_TEAM = 39B633LG23;
				GENERATE_INFOPLIST_FILE = YES;
				MARKETING_VERSION = 1.0;
				PRODUCT_BUNDLE_IDENTIFIER = com.irhamnaufal8.MentoringLEADUITests;
				PRODUCT_NAME = "$(TARGET_NAME)";
				SWIFT_EMIT_LOC_STRINGS = NO;
				SWIFT_VERSION = 5.0;
				TARGETED_DEVICE_FAMILY = "1,2";
				TEST_TARGET_NAME = MentoringLEAD;
			};
			name = Debug;
		};
		4BC95A3C2A07471A007A7BF4 /* Release */ = {
			isa = XCBuildConfiguration;
			buildSettings = {
				ALWAYS_EMBED_SWIFT_STANDARD_LIBRARIES = YES;
				CODE_SIGN_STYLE = Automatic;
				CURRENT_PROJECT_VERSION = 1;
				DEVELOPMENT_TEAM = 39B633LG23;
				GENERATE_INFOPLIST_FILE = YES;
				MARKETING_VERSION = 1.0;
				PRODUCT_BUNDLE_IDENTIFIER = com.irhamnaufal8.MentoringLEADUITests;
				PRODUCT_NAME = "$(TARGET_NAME)";
				SWIFT_EMIT_LOC_STRINGS = NO;
				SWIFT_VERSION = 5.0;
				TARGETED_DEVICE_FAMILY = "1,2";
				TEST_TARGET_NAME = MentoringLEAD;
			};
			name = Release;
		};
/* End XCBuildConfiguration section */

/* Begin XCConfigurationList section */
		4BC95A0B2A074718007A7BF4 /* Build configuration list for PBXProject "MentoringLEAD" */ = {
			isa = XCConfigurationList;
			buildConfigurations = (
				4BC95A322A07471A007A7BF4 /* Debug */,
				4BC95A332A07471A007A7BF4 /* Release */,
			);
			defaultConfigurationIsVisible = 0;
			defaultConfigurationName = Release;
		};
		4BC95A342A07471A007A7BF4 /* Build configuration list for PBXNativeTarget "MentoringLEAD" */ = {
			isa = XCConfigurationList;
			buildConfigurations = (
				4BC95A352A07471A007A7BF4 /* Debug */,
				4BC95A362A07471A007A7BF4 /* Release */,
			);
			defaultConfigurationIsVisible = 0;
			defaultConfigurationName = Release;
		};
		4BC95A372A07471A007A7BF4 /* Build configuration list for PBXNativeTarget "MentoringLEADTests" */ = {
			isa = XCConfigurationList;
			buildConfigurations = (
				4BC95A382A07471A007A7BF4 /* Debug */,
				4BC95A392A07471A007A7BF4 /* Release */,
			);
			defaultConfigurationIsVisible = 0;
			defaultConfigurationName = Release;
		};
		4BC95A3A2A07471A007A7BF4 /* Build configuration list for PBXNativeTarget "MentoringLEADUITests" */ = {
			isa = XCConfigurationList;
			buildConfigurations = (
				4BC95A3B2A07471A007A7BF4 /* Debug */,
				4BC95A3C2A07471A007A7BF4 /* Release */,
			);
			defaultConfigurationIsVisible = 0;
			defaultConfigurationName = Release;
		};
/* End XCConfigurationList section */
	};
	rootObject = 4BC95A082A074718007A7BF4 /* Project object */;
}
